
Microsoft Visual Studio Solution File, Format Version 12.00
# Visual Studio Version 17
VisualStudioVersion = 17.0.31903.59
MinimumVisualStudioVersion = 10.0.40219.1
Project("{FAE04EC0-301F-11D3-BF4B-00C04F79EFBC}") = "FitsPhotometry.Core", "FitsPhotometry.Core\FitsPhotometry.Core.csproj", "{E74BCDF3-7A09-440D-B07F-67DF27AD527B}"
EndProject
Project("{FAE04EC0-301F-11D3-BF4B-00C04F79EFBC}") = "FitsPhotometry.Core.Tests", "FitsPhotometry.Core.Tests\FitsPhotometry.Core.Tests.csproj", "{C1793527-2C34-4C5A-BBD5-077305D615DE}"
EndProject
Project("{FAE04EC0-301F-11D3-BF4B-00C04F79EFBC}") = "SimpleFitsViewer", "SimpleFitsViewer\SimpleFitsViewer.csproj", "{C25E76C9-F47F-44CA-923F-9A91128F789E}"
EndProject
Global
	GlobalSection(SolutionConfigurationPlatforms) = preSolution
		Debug|Any CPU = Debug|Any CPU
		Release|Any CPU = Release|Any CPU
	EndGlobalSection
	GlobalSection(SolutionProperties) = preSolution
		HideSolutionNode = FALSE
	EndGlobalSection
	GlobalSection(ProjectConfigurationPlatforms) = postSolution
		{E74BCDF3-7A09-440D-B07F-67DF27AD527B}.Debug|Any CPU.ActiveCfg = Debug|Any CPU
		{E74BCDF3-7A09-440D-B07F-67DF27AD527B}.Debug|Any CPU.Build.0 = Debug|Any CPU
		{E74BCDF3-7A09-440D-B07F-67DF27AD527B}.Release|Any CPU.ActiveCfg = Release|Any CPU
		{E74BCDF3-7A09-440D-B07F-67DF27AD527B}.Release|Any CPU.Build.0 = Release|Any CPU
		{C1793527-2C34-4C5A-BBD5-077305D615DE}.Debug|Any CPU.ActiveCfg = Debug|Any CPU
		{C1793527-2C34-4C5A-BBD5-077305D615DE}.Debug|Any CPU.Build.0 = Debug|Any CPU
		{C1793527-2C34-4C5A-BBD5-077305D615DE}.Release|Any CPU.ActiveCfg = Release|Any CPU
		{C1793527-2C34-4C5A-BBD5-077305D615DE}.Release|Any CPU.Build.0 = Release|Any CPU
		{C25E76C9-F47F-44CA-923F-9A91128F789E}.Debug|Any CPU.ActiveCfg = Debug|Any CPU
		{C25E76C9-F47F-44CA-923F-9A91128F789E}.Debug|Any CPU.Build.0 = Debug|Any CPU
		{C25E76C9-F47F-44CA-923F-9A91128F789E}.Release|Any CPU.ActiveCfg = Release|Any CPU
		{C25E76C9-F47F-44CA-923F-9A91128F789E}.Release|Any CPU.Build.0 = Release|Any CPU
	EndGlobalSection
EndGlobal
